
Microsoft Visual Studio Solution File, Format Version 12.00
# Visual Studio Version 17
VisualStudioVersion = 17.10.35122.118
MinimumVisualStudioVersion = 10.0.40219.1
Project("{FAE04EC0-301F-11D3-BF4B-00C04F79EFBC}") = "ConsignmentShopUI", "ConsignmentShopUI\ConsignmentShopUI.csproj", "{0BCCA9DF-FE28-4A81-AE5B-7DC563838053}"
EndProject
Project("{FAE04EC0-301F-11D3-BF4B-00C04F79EFBC}") = "ConsignmentShopLibray", "ConsignmentShopLibray\ConsignmentShopLibray.csproj", "{FA1C428F-0E16-4999-BD2D-B83DED25B188}"
EndProject
Global
	GlobalSection(SolutionConfigurationPlatforms) = preSolution
		Debug|Any CPU = Debug|Any CPU
		Release|Any CPU = Release|Any CPU
	EndGlobalSection
	GlobalSection(ProjectConfigurationPlatforms) = postSolution
		{0BCCA9DF-FE28-4A81-AE5B-7DC563838053}.Debug|Any CPU.ActiveCfg = Debug|Any CPU
		{0BCCA9DF-FE28-4A81-AE5B-7DC563838053}.Debug|Any CPU.Build.0 = Debug|Any CPU
		{0BCCA9DF-FE28-4A81-AE5B-7DC563838053}.Release|Any CPU.ActiveCfg = Release|Any CPU
		{0BCCA9DF-FE28-4A81-AE5B-7DC563838053}.Release|Any CPU.Build.0 = Release|Any CPU
		{FA1C428F-0E16-4999-BD2D-B83DED25B188}.Debug|Any CPU.ActiveCfg = Debug|Any CPU
		{FA1C428F-0E16-4999-BD2D-B83DED25B188}.Debug|Any CPU.Build.0 = Debug|Any CPU
		{FA1C428F-0E16-4999-BD2D-B83DED25B188}.Release|Any CPU.ActiveCfg = Release|Any CPU
		{FA1C428F-0E16-4999-BD2D-B83DED25B188}.Release|Any CPU.Build.0 = Release|Any CPU
	EndGlobalSection
	GlobalSection(SolutionProperties) = preSolution
		HideSolutionNode = FALSE
	EndGlobalSection
	GlobalSection(ExtensibilityGlobals) = postSolution
		SolutionGuid = {37AF950F-CFF7-41B1-A5D0-9433DA5B2145}
	EndGlobalSection
EndGlobal
